
Microsoft Visual Studio Solution File, Format Version 12.00
# Visual Studio Version 16
VisualStudioVersion = 16.0.36107.64
MinimumVisualStudioVersion = 10.0.40219.1
Project("{FAE04EC0-301F-11D3-BF4B-00C04F79EFBC}") = "WPF_VM", "WPF_VM\WPF_VM.csproj", "{5A25AB0B-F6CD-47CE-9D4C-B440D062507E}"
EndProject
Global
	GlobalSection(SolutionConfigurationPlatforms) = preSolution
		Debug|Any CPU = Debug|Any CPU
		Release|Any CPU = Release|Any CPU
	EndGlobalSection
	GlobalSection(ProjectConfigurationPlatforms) = postSolution
		{5A25AB0B-F6CD-47CE-9D4C-B440D062507E}.Debug|Any CPU.ActiveCfg = Debug|Any CPU
		{5A25AB0B-F6CD-47CE-9D4C-B440D062507E}.Debug|Any CPU.Build.0 = Debug|Any CPU
		{5A25AB0B-F6CD-47CE-9D4C-B440D062507E}.Release|Any CPU.ActiveCfg = Release|Any CPU
		{5A25AB0B-F6CD-47CE-9D4C-B440D062507E}.Release|Any CPU.Build.0 = Release|Any CPU
	EndGlobalSection
	GlobalSection(SolutionProperties) = preSolution
		HideSolutionNode = FALSE
	EndGlobalSection
	GlobalSection(ExtensibilityGlobals) = postSolution
		SolutionGuid = {2BC59122-74C5-4809-8A32-E4DBDB331AED}
	EndGlobalSection
EndGlobal
